
Microsoft Visual Studio Solution File, Format Version 12.00
# Visual Studio Version 17
VisualStudioVersion = 17.9.34723.18
MinimumVisualStudioVersion = 10.0.40219.1
Project("{FAE04EC0-301F-11D3-BF4B-00C04F79EFBC}") = "TodoApp", "TodoApp\TodoApp.csproj", "{B83986B1-CDC6-42BA-9D7F-EB499F058216}"
EndProject
Global
	GlobalSection(SolutionConfigurationPlatforms) = preSolution
		Debug|Any CPU = Debug|Any CPU
		Release|Any CPU = Release|Any CPU
	EndGlobalSection
	GlobalSection(ProjectConfigurationPlatforms) = postSolution
		{B83986B1-CDC6-42BA-9D7F-EB499F058216}.Debug|Any CPU.ActiveCfg = Debug|Any CPU
		{B83986B1-CDC6-42BA-9D7F-EB499F058216}.Debug|Any CPU.Build.0 = Debug|Any CPU
		{B83986B1-CDC6-42BA-9D7F-EB499F058216}.Release|Any CPU.ActiveCfg = Release|Any CPU
		{B83986B1-CDC6-42BA-9D7F-EB499F058216}.Release|Any CPU.Build.0 = Release|Any CPU
	EndGlobalSection
	GlobalSection(SolutionProperties) = preSolution
		HideSolutionNode = FALSE
	EndGlobalSection
	GlobalSection(ExtensibilityGlobals) = postSolution
		SolutionGuid = {D11E4C5A-CECD-4F9F-9C44-23BDAC960F63}
	EndGlobalSection
EndGlobal
